
Microsoft Visual Studio Solution File, Format Version 12.00
# Visual Studio Version 17
VisualStudioVersion = 17.11.35327.3
MinimumVisualStudioVersion = 10.0.40219.1
Project("{FAE04EC0-301F-11D3-BF4B-00C04F79EFBC}") = "PowerMap", "PowerMap\PowerMap.csproj", "{3FF43DA9-2D51-472C-8401-E34AAFC9D2D5}"
EndProject
Global
	GlobalSection(SolutionConfigurationPlatforms) = preSolution
		Debug|Any CPU = Debug|Any CPU
		Release|Any CPU = Release|Any CPU
	EndGlobalSection
	GlobalSection(ProjectConfigurationPlatforms) = postSolution
		{3FF43DA9-2D51-472C-8401-E34AAFC9D2D5}.Debug|Any CPU.ActiveCfg = Debug|Any CPU
		{3FF43DA9-2D51-472C-8401-E34AAFC9D2D5}.Debug|Any CPU.Build.0 = Debug|Any CPU
		{3FF43DA9-2D51-472C-8401-E34AAFC9D2D5}.Release|Any CPU.ActiveCfg = Release|Any CPU
		{3FF43DA9-2D51-472C-8401-E34AAFC9D2D5}.Release|Any CPU.Build.0 = Release|Any CPU
	EndGlobalSection
	GlobalSection(SolutionProperties) = preSolution
		HideSolutionNode = FALSE
	EndGlobalSection
	GlobalSection(ExtensibilityGlobals) = postSolution
		SolutionGuid = {4A3D3BCB-B1BD-4E81-835B-99D48E02D830}
	EndGlobalSection
EndGlobal
